// !$*UTF8*$!
{
	archiveVersion = 1;
	classes = {
	};
	objectVersion = 46;
	objects = {

/* Begin PBXBuildFile section */
		CC6A192A1C0D4C1B00EF89A1 /* main.m in Sources */ = {isa = PBXBuildFile; fileRef = CC6A19291C0D4C1B00EF89A1 /* main.m */; };
		CC6A192D1C0D4C1B00EF89A1 /* AppDelegate.m in Sources */ = {isa = PBXBuildFile; fileRef = CC6A192C1C0D4C1B00EF89A1 /* AppDelegate.m */; };
		CC6A19301C0D4C1B00EF89A1 /* ViewController.m in Sources */ = {isa = PBXBuildFile; fileRef = CC6A192F1C0D4C1B00EF89A1 /* ViewController.m */; };
		CC6A19331C0D4C1B00EF89A1 /* Main.storyboard in Resources */ = {isa = PBXBuildFile; fileRef = CC6A19311C0D4C1B00EF89A1 /* Main.storyboard */; };
		CC6A19351C0D4C1B00EF89A1 /* Images.xcassets in Resources */ = {isa = PBXBuildFile; fileRef = CC6A19341C0D4C1B00EF89A1 /* Images.xcassets */; };
		CC6A19381C0D4C1B00EF89A1 /* LaunchScreen.xib in Resources */ = {isa = PBXBuildFile; fileRef = CC6A19361C0D4C1B00EF89A1 /* LaunchScreen.xib */; };
		CC6A19441C0D4C1B00EF89A1 /* __UITableViewTests.m in Sources */ = {isa = PBXBuildFile; fileRef = CC6A19431C0D4C1B00EF89A1 /* __UITableViewTests.m */; };
/* End PBXBuildFile section */

/* Begin PBXContainerItemProxy section */
		CC6A193E1C0D4C1B00EF89A1 /* PBXContainerItemProxy */ = {
			isa = PBXContainerItemProxy;
			containerPortal = CC6A191C1C0D4C1B00EF89A1 /* Project object */;
			proxyType = 1;
			remoteGlobalIDString = CC6A19231C0D4C1B00EF89A1;
			remoteInfo = "1 UITableView";
		};
/* End PBXContainerItemProxy section */

/* Begin PBXFileReference section */
		CC6A19241C0D4C1B00EF89A1 /* 1 UITableView.app */ = {isa = PBXFileReference; explicitFileType = wrapper.application; includeInIndex = 0; path = "1 UITableView.app"; sourceTree = BUILT_PRODUCTS_DIR; };
		CC6A19281C0D4C1B00EF89A1 /* Info.plist */ = {isa = PBXFileReference; lastKnownFileType = text.plist.xml; path = Info.plist; sourceTree = "<group>"; };
		CC6A19291C0D4C1B00EF89A1 /* main.m */ = {isa = PBXFileReference; lastKnownFileType = sourcecode.c.objc; path = main.m; sourceTree = "<group>"; };
		CC6A192B1C0D4C1B00EF89A1 /* AppDelegate.h */ = {isa = PBXFileReference; lastKnownFileType = sourcecode.c.h; path = AppDelegate.h; sourceTree = "<group>"; };
		CC6A192C1C0D4C1B00EF89A1 /* AppDelegate.m */ = {isa = PBXFileReference; lastKnownFileType = sourcecode.c.objc; path = AppDelegate.m; sourceTree = "<group>"; };
		CC6A192E1C0D4C1B00EF89A1 /* ViewController.h */ = {isa = PBXFileReference; lastKnownFileType = sourcecode.c.h; path = ViewController.h; sourceTree = "<group>"; };
		CC6A192F1C0D4C1B00EF89A1 /* ViewController.m */ = {isa = PBXFileReference; lastKnownFileType = sourcecode.c.objc; path = ViewController.m; sourceTree = "<group>"; };
		CC6A19321C0D4C1B00EF89A1 /* Base */ = {isa = PBXFileReference; lastKnownFileType = file.storyboard; name = Base; path = Base.lproj/Main.storyboard; sourceTree = "<group>"; };
		CC6A19341C0D4C1B00EF89A1 /* Images.xcassets */ = {isa = PBXFileReference; lastKnownFileType = folder.assetcatalog; path = Images.xcassets; sourceTree = "<group>"; };
		CC6A19371C0D4C1B00EF89A1 /* Base */ = {isa = PBXFileReference; lastKnownFileType = file.xib; name = Base; path = Base.lproj/LaunchScreen.xib; sourceTree = "<group>"; };
		CC6A193D1C0D4C1B00EF89A1 /* 1 UITableViewTests.xctest */ = {isa = PBXFileReference; explicitFileType = wrapper.cfbundle; includeInIndex = 0; path = "1 UITableViewTests.xctest"; sourceTree = BUILT_PRODUCTS_DIR; };
		CC6A19421C0D4C1B00EF89A1 /* Info.plist */ = {isa = PBXFileReference; lastKnownFileType = text.plist.xml; path = Info.plist; sourceTree = "<group>"; };
		CC6A19431C0D4C1B00EF89A1 /* __UITableViewTests.m */ = {isa = PBXFileReference; lastKnownFileType = sourcecode.c.objc; path = __UITableViewTests.m; sourceTree = "<group>"; };
/* End PBXFileReference section */

/* Begin PBXFrameworksBuildPhase section */
		CC6A19211C0D4C1B00EF89A1 /* Frameworks */ = {
			isa = PBXFrameworksBuildPhase;
			buildActionMask = 2147483647;
			files = (
			);
			runOnlyForDeploymentPostprocessing = 0;
		};
		CC6A193A1C0D4C1B00EF89A1 /* Frameworks */ = {
			isa = PBXFrameworksBuildPhase;
			buildActionMask = 2147483647;
			files = (
			);
			runOnlyForDeploymentPostprocessing = 0;
		};
/* End PBXFrameworksBuildPhase section */

/* Begin PBXGroup section */
		CC6A191B1C0D4C1B00EF89A1 = {
			isa = PBXGroup;
			children = (
				CC6A19261C0D4C1B00EF89A1 /* 1 UITableView */,
				CC6A19401C0D4C1B00EF89A1 /* 1 UITableViewTests */,
				CC6A19251C0D4C1B00EF89A1 /* Products */,
			);
			sourceTree = "<group>";
		};
		CC6A19251C0D4C1B00EF89A1 /* Products */ = {
			isa = PBXGroup;
			children = (
				CC6A19241C0D4C1B00EF89A1 /* 1 UITableView.app */,
				CC6A193D1C0D4C1B00EF89A1 /* 1 UITableViewTests.xctest */,
			);
			name = Products;
			sourceTree = "<group>";
		};
		CC6A19261C0D4C1B00EF89A1 /* 1 UITableView */ = {
			isa = PBXGroup;
			children = (
				CC6A192B1C0D4C1B00EF89A1 /* AppDelegate.h */,
				CC6A192C1C0D4C1B00EF89A1 /* AppDelegate.m */,
				CC6A192E1C0D4C1B00EF89A1 /* ViewController.h */,
				CC6A192F1C0D4C1B00EF89A1 /* ViewController.m */,
				CC6A19311C0D4C1B00EF89A1 /* Main.storyboard */,
				CC6A19341C0D4C1B00EF89A1 /* Images.xcassets */,
				CC6A19361C0D4C1B00EF89A1 /* LaunchScreen.xib */,
				CC6A19271C0D4C1B00EF89A1 /* Supporting Files */,
			);
			path = "1 UITableView";
			sourceTree = "<group>";
		};
		CC6A19271C0D4C1B00EF89A1 /* Supporting Files */ = {
			isa = PBXGroup;
			children = (
				CC6A19281C0D4C1B00EF89A1 /* Info.plist */,
				CC6A19291C0D4C1B00EF89A1 /* main.m */,
			);
			name = "Supporting Files";
			sourceTree = "<group>";
		};
		CC6A19401C0D4C1B00EF89A1 /* 1 UITableViewTests */ = {
			isa = PBXGroup;
			children = (
				CC6A19431C0D4C1B00EF89A1 /* __UITableViewTests.m */,
				CC6A19411C0D4C1B00EF89A1 /* Supporting Files */,
			);
			path = "1 UITableViewTests";
			sourceTree = "<group>";
		};
		CC6A19411C0D4C1B00EF89A1 /* Supporting Files */ = {
			isa = PBXGroup;
			children = (
				CC6A19421C0D4C1B00EF89A1 /* Info.plist */,
			);
			name = "Supporting Files";
			sourceTree = "<group>";
		};
/* End PBXGroup section */

/* Begin PBXNativeTarget section */
		CC6A19231C0D4C1B00EF89A1 /* 1 UITableView */ = {
			isa = PBXNativeTarget;
			buildConfigurationList = CC6A19471C0D4C1B00EF89A1 /* Build configuration list for PBXNativeTarget "1 UITableView" */;
			buildPhases = (
				CC6A19201C0D4C1B00EF89A1 /* Sources */,
				CC6A19211C0D4C1B00EF89A1 /* Frameworks */,
				CC6A19221C0D4C1B00EF89A1 /* Resources */,
			);
			buildRules = (
			);
			dependencies = (
			);
			name = "1 UITableView";
			productName = "1 UITableView";
			productReference = CC6A19241C0D4C1B00EF89A1 /* 1 UITableView.app */;
			productType = "com.apple.product-type.application";
		};
		CC6A193C1C0D4C1B00EF89A1 /* 1 UITableViewTests */ = {
			isa = PBXNativeTarget;
			buildConfigurationList = CC6A194A1C0D4C1B00EF89A1 /* Build configuration list for PBXNativeTarget "1 UITableViewTests" */;
			buildPhases = (
				CC6A19391C0D4C1B00EF89A1 /* Sources */,
				CC6A193A1C0D4C1B00EF89A1 /* Frameworks */,
				CC6A193B1C0D4C1B00EF89A1 /* Resources */,
			);
			buildRules = (
			);
			dependencies = (
				CC6A193F1C0D4C1B00EF89A1 /* PBXTargetDependency */,
			);
			name = "1 UITableViewTests";
			productName = "1 UITableViewTests";
			productReference = CC6A193D1C0D4C1B00EF89A1 /* 1 UITableViewTests.xctest */;
			productType = "com.apple.product-type.bundle.unit-test";
		};
/* End PBXNativeTarget section */

/* Begin PBXProject section */
		CC6A191C1C0D4C1B00EF89A1 /* Project object */ = {
			isa = PBXProject;
			attributes = {
				LastUpgradeCheck = 0640;
				ORGANIZATIONNAME = hnqingyun.com;
				TargetAttributes = {
					CC6A19231C0D4C1B00EF89A1 = {
						CreatedOnToolsVersion = 6.4;
					};
					CC6A193C1C0D4C1B00EF89A1 = {
						CreatedOnToolsVersion = 6.4;
						TestTargetID = CC6A19231C0D4C1B00EF89A1;
					};
				};
			};
			buildConfigurationList = CC6A191F1C0D4C1B00EF89A1 /* Build configuration list for PBXProject "1 UITableView" */;
			compatibilityVersion = "Xcode 3.2";
			developmentRegion = English;
			hasScannedForEncodings = 0;
			knownRegions = (
				en,
				Base,
			);
			mainGroup = CC6A191B1C0D4C1B00EF89A1;
			productRefGroup = CC6A19251C0D4C1B00EF89A1 /* Products */;
			projectDirPath = "";
			projectRoot = "";
			targets = (
				CC6A19231C0D4C1B00EF89A1 /* 1 UITableView */,
				CC6A193C1C0D4C1B00EF89A1 /* 1 UITableViewTests */,
			);
		};
/* End PBXProject section */

/* Begin PBXResourcesBuildPhase section */
		CC6A19221C0D4C1B00EF89A1 /* Resources */ = {
			isa = PBXResourcesBuildPhase;
			buildActionMask = 2147483647;
			files = (
				CC6A19331C0D4C1B00EF89A1 /* Main.storyboard in Resources */,
				CC6A19381C0D4C1B00EF89A1 /* LaunchScreen.xib in Resources */,
				CC6A19351C0D4C1B00EF89A1 /* Images.xcassets in Resources */,
			);
			runOnlyForDeploymentPostprocessing = 0;
		};
		CC6A193B1C0D4C1B00EF89A1 /* Resources */ = {
			isa = PBXResourcesBuildPhase;
			buildActionMask = 2147483647;
			files = (
			);
			runOnlyForDeploymentPostprocessing = 0;
		};
/* End PBXResourcesBuildPhase section */

/* Begin PBXSourcesBuildPhase section */
		CC6A19201C0D4C1B00EF89A1 /* Sources */ = {
			isa = PBXSourcesBuildPhase;
			buildActionMask = 2147483647;
			files = (
				CC6A19301C0D4C1B00EF89A1 /* ViewController.m in Sources */,
				CC6A192D1C0D4C1B00EF89A1 /* AppDelegate.m in Sources */,
				CC6A192A1C0D4C1B00EF89A1 /* main.m in Sources */,
			);
			runOnlyForDeploymentPostprocessing = 0;
		};
		CC6A19391C0D4C1B00EF89A1 /* Sources */ = {
			isa = PBXSourcesBuildPhase;
			buildActionMask = 2147483647;
			files = (
				CC6A19441C0D4C1B00EF89A1 /* __UITableViewTests.m in Sources */,
			);
			runOnlyForDeploymentPostprocessing = 0;
		};
/* End PBXSourcesBuildPhase section */

/* Begin PBXTargetDependency section */
		CC6A193F1C0D4C1B00EF89A1 /* PBXTargetDependency */ = {
			isa = PBXTargetDependency;
			target = CC6A19231C0D4C1B00EF89A1 /* 1 UITableView */;
			targetProxy = CC6A193E1C0D4C1B00EF89A1 /* PBXContainerItemProxy */;
		};
/* End PBXTargetDependency section */

/* Begin PBXVariantGroup section */
		CC6A19311C0D4C1B00EF89A1 /* Main.storyboard */ = {
			isa = PBXVariantGroup;
			children = (
				CC6A19321C0D4C1B00EF89A1 /* Base */,
			);
			name = Main.storyboard;
			sourceTree = "<group>";
		};
		CC6A19361C0D4C1B00EF89A1 /* LaunchScreen.xib */ = {
			isa = PBXVariantGroup;
			children = (
				CC6A19371C0D4C1B00EF89A1 /* Base */,
			);
			name = LaunchScreen.xib;
			sourceTree = "<group>";
		};
/* End PBXVariantGroup section */

/* Begin XCBuildConfiguration section */
		CC6A19451C0D4C1B00EF89A1 /* Debug */ = {
			isa = XCBuildConfiguration;
			buildSettings = {
				ALWAYS_SEARCH_USER_PATHS = NO;
				CLANG_CXX_LANGUAGE_STANDARD = "gnu++0x";
				CLANG_CXX_LIBRARY = "libc++";
				CLANG_ENABLE_MODULES = YES;
				CLANG_ENABLE_OBJC_ARC = YES;
				CLANG_WARN_BOOL_CONVERSION = YES;
				CLANG_WARN_CONSTANT_CONVERSION = YES;
				CLANG_WARN_DIRECT_OBJC_ISA_USAGE = YES_ERROR;
				CLANG_WARN_EMPTY_BODY = YES;
				CLANG_WARN_ENUM_CONVERSION = YES;
				CLANG_WARN_INT_CONVERSION = YES;
				CLANG_WARN_OBJC_ROOT_CLASS = YES_ERROR;
				CLANG_WARN_UNREACHABLE_CODE = YES;
				CLANG_WARN__DUPLICATE_METHOD_MATCH = YES;
				"CODE_SIGN_IDENTITY[sdk=iphoneos*]" = "iPhone Developer";
				COPY_PHASE_STRIP = NO;
				DEBUG_INFORMATION_FORMAT = "dwarf-with-dsym";
				ENABLE_STRICT_OBJC_MSGSEND = YES;
				GCC_C_LANGUAGE_STANDARD = gnu99;
				GCC_DYNAMIC_NO_PIC = NO;
				GCC_NO_COMMON_BLOCKS = YES;
				GCC_OPTIMIZATION_LEVEL = 0;
				GCC_PREPROCESSOR_DEFINITIONS = (
					"DEBUG=1",
					"$(inherited)",
				);
				GCC_SYMBOLS_PRIVATE_EXTERN = NO;
				GCC_WARN_64_TO_32_BIT_CONVERSION = YES;
				GCC_WARN_ABOUT_RETURN_TYPE = YES_ERROR;
				GCC_WARN_UNDECLARED_SELECTOR = YES;
				GCC_WARN_UNINITIALIZED_AUTOS = YES_AGGRESSIVE;
				GCC_WARN_UNUSED_FUNCTION = YES;
				GCC_WARN_UNUSED_VARIABLE = YES;
				IPHONEOS_DEPLOYMENT_TARGET = 8.4;
				MTL_ENABLE_DEBUG_INFO = YES;
				ONLY_ACTIVE_ARCH = YES;
				SDKROOT = iphoneos;
				TARGETED_DEVICE_FAMILY = "1,2";
			};
			name = Debug;
		};
		CC6A19461C0D4C1B00EF89A1 /* Release */ = {
			isa = XCBuildConfiguration;
			buildSettings = {
				ALWAYS_SEARCH_USER_PATHS = NO;
				CLANG_CXX_LANGUAGE_STANDARD = "gnu++0x";
				CLANG_CXX_LIBRARY = "libc++";
				CLANG_ENABLE_MODULES = YES;
				CLANG_ENABLE_OBJC_ARC = YES;
				CLANG_WARN_BOOL_CONVERSION = YES;
				CLANG_WARN_CONSTANT_CONVERSION = YES;
				CLANG_WARN_DIRECT_OBJC_ISA_USAGE = YES_ERROR;
				CLANG_WARN_EMPTY_BODY = YES;
				CLANG_WARN_ENUM_CONVERSION = YES;
				CLANG_WARN_INT_CONVERSION = YES;
				CLANG_WARN_OBJC_ROOT_CLASS = YES_ERROR;
				CLANG_WARN_UNREACHABLE_CODE = YES;
				CLANG_WARN__DUPLICATE_METHOD_MATCH = YES;
				"CODE_SIGN_IDENTITY[sdk=iphoneos*]" = "iPhone Developer";
				COPY_PHASE_STRIP = NO;
				DEBUG_INFORMATION_FORMAT = "dwarf-with-dsym";
				ENABLE_NS_ASSERTIONS = NO;
				ENABLE_STRICT_OBJC_MSGSEND = YES;
				GCC_C_LANGUAGE_STANDARD = gnu99;
				GCC_NO_COMMON_BLOCKS = YES;
				GCC_WARN_64_TO_32_BIT_CONVERSION = YES;
				GCC_WARN_ABOUT_RETURN_TYPE = YES_ERROR;
				GCC_WARN_UNDECLARED_SELECTOR = YES;
				GCC_WARN_UNINITIALIZED_AUTOS = YES_AGGRESSIVE;
				GCC_WARN_UNUSED_FUNCTION = YES;
				GCC_WARN_UNUSED_VARIABLE = YES;
				IPHONEOS_DEPLOYMENT_TARGET = 8.4;
				MTL_ENABLE_DEBUG_INFO = NO;
				SDKROOT = iphoneos;
				TARGETED_DEVICE_FAMILY = "1,2";
				VALIDATE_PRODUCT = YES;
			};
			name = Release;
		};
		CC6A19481C0D4C1B00EF89A1 /* Debug */ = {
			isa = XCBuildConfiguration;
			buildSettings = {
				ASSETCATALOG_COMPILER_APPICON_NAME = AppIcon;
				INFOPLIST_FILE = "1 UITableView/Info.plist";
				LD_RUNPATH_SEARCH_PATHS = "$(inherited) @executable_path/Frameworks";
				PRODUCT_NAME = "$(TARGET_NAME)";
			};
			name = Debug;
		};
		CC6A19491C0D4C1B00EF89A1 /* Release */ = {
			isa = XCBuildConfiguration;
			buildSettings = {
				ASSETCATALOG_COMPILER_APPICON_NAME = AppIcon;
				INFOPLIST_FILE = "1 UITableView/Info.plist";
				LD_RUNPATH_SEARCH_PATHS = "$(inherited) @executable_path/Frameworks";
				PRODUCT_NAME = "$(TARGET_NAME)";
			};
			name = Release;
		};
		CC6A194B1C0D4C1B00EF89A1 /* Debug */ = {
			isa = XCBuildConfiguration;
			buildSettings = {
				BUNDLE_LOADER = "$(TEST_HOST)";
				FRAMEWORK_SEARCH_PATHS = (
					"$(SDKROOT)/Developer/Library/Frameworks",
					"$(inherited)",
				);
				GCC_PREPROCESSOR_DEFINITIONS = (
					"DEBUG=1",
					"$(inherited)",
				);
				INFOPLIST_FILE = "1 UITableViewTests/Info.plist";
				LD_RUNPATH_SEARCH_PATHS = "$(inherited) @executable_path/Frameworks @loader_path/Frameworks";
				PRODUCT_NAME = "$(TARGET_NAME)";
				TEST_HOST = "$(BUILT_PRODUCTS_DIR)/1 UITableView.app/1 UITableView";
			};
			name = Debug;
		};
		CC6A194C1C0D4C1B00EF89A1 /* Release */ = {
			isa = XCBuildConfiguration;
			buildSettings = {
				BUNDLE_LOADER = "$(TEST_HOST)";
				FRAMEWORK_SEARCH_PATHS = (
					"$(SDKROOT)/Developer/Library/Frameworks",
					"$(inherited)",
				);
				INFOPLIST_FILE = "1 UITableViewTests/Info.plist";
				LD_RUNPATH_SEARCH_PATHS = "$(inherited) @executable_path/Frameworks @loader_path/Frameworks";
				PRODUCT_NAME = "$(TARGET_NAME)";
				TEST_HOST = "$(BUILT_PRODUCTS_DIR)/1 UITableView.app/1 UITableView";
			};
			name = Release;
		};
/* End XCBuildConfiguration section */

/* Begin XCConfigurationList section */
		CC6A191F1C0D4C1B00EF89A1 /* Build configuration list for PBXProject "1 UITableView" */ = {
			isa = XCConfigurationList;
			buildConfigurations = (
				CC6A19451C0D4C1B00EF89A1 /* Debug */,
				CC6A19461C0D4C1B00EF89A1 /* Release */,
			);
			defaultConfigurationIsVisible = 0;
			defaultConfigurationName = Release;
		};
		CC6A19471C0D4C1B00EF89A1 /* Build configuration list for PBXNativeTarget "1 UITableView" */ = {
			isa = XCConfigurationList;
			buildConfigurations = (
				CC6A19481C0D4C1B00EF89A1 /* Debug */,
				CC6A19491C0D4C1B00EF89A1 /* Release */,
			);
			defaultConfigurationIsVisible = 0;
		};
		CC6A194A1C0D4C1B00EF89A1 /* Build configuration list for PBXNativeTarget "1 UITableViewTests" */ = {
			isa = XCConfigurationList;
			buildConfigurations = (
				CC6A194B1C0D4C1B00EF89A1 /* Debug */,
				CC6A194C1C0D4C1B00EF89A1 /* Release */,
			);
			defaultConfigurationIsVisible = 0;
		};
/* End XCConfigurationList section */
	};
	rootObject = CC6A191C1C0D4C1B00EF89A1 /* Project object */;
}
