// !$*UTF8*$!
{
	archiveVersion = 1;
	classes = {
	};
	objectVersion = 46;
	objects = {

/* Begin PBXBuildFile section */
		CCA72D131BF0C35400FA9D47 /* main.m in Sources */ = {isa = PBXBuildFile; fileRef = CCA72D121BF0C35400FA9D47 /* main.m */; };
		CCA72D161BF0C35400FA9D47 /* AppDelegate.m in Sources */ = {isa = PBXBuildFile; fileRef = CCA72D151BF0C35400FA9D47 /* AppDelegate.m */; };
		CCA72D191BF0C35400FA9D47 /* ViewController.m in Sources */ = {isa = PBXBuildFile; fileRef = CCA72D181BF0C35400FA9D47 /* ViewController.m */; };
		CCA72D1C1BF0C35400FA9D47 /* Main.storyboard in Resources */ = {isa = PBXBuildFile; fileRef = CCA72D1A1BF0C35400FA9D47 /* Main.storyboard */; };
		CCA72D1E1BF0C35400FA9D47 /* Images.xcassets in Resources */ = {isa = PBXBuildFile; fileRef = CCA72D1D1BF0C35400FA9D47 /* Images.xcassets */; };
		CCA72D211BF0C35400FA9D47 /* LaunchScreen.xib in Resources */ = {isa = PBXBuildFile; fileRef = CCA72D1F1BF0C35400FA9D47 /* LaunchScreen.xib */; };
		CCA72D2D1BF0C35400FA9D47 /* ____Tests.m in Sources */ = {isa = PBXBuildFile; fileRef = CCA72D2C1BF0C35400FA9D47 /* ____Tests.m */; };
		CCA72D5B1BF0D04300FA9D47 /* bottom_disable.png in Resources */ = {isa = PBXBuildFile; fileRef = CCA72D431BF0D04200FA9D47 /* bottom_disable.png */; };
		CCA72D5C1BF0D04300FA9D47 /* bottom_highlighted.png in Resources */ = {isa = PBXBuildFile; fileRef = CCA72D441BF0D04200FA9D47 /* bottom_highlighted.png */; };
		CCA72D5D1BF0D04300FA9D47 /* bottom_normal.png in Resources */ = {isa = PBXBuildFile; fileRef = CCA72D451BF0D04200FA9D47 /* bottom_normal.png */; };
		CCA72D5E1BF0D04300FA9D47 /* left_disable.png in Resources */ = {isa = PBXBuildFile; fileRef = CCA72D461BF0D04200FA9D47 /* left_disable.png */; };
		CCA72D5F1BF0D04300FA9D47 /* left_highlighted.png in Resources */ = {isa = PBXBuildFile; fileRef = CCA72D471BF0D04200FA9D47 /* left_highlighted.png */; };
		CCA72D601BF0D04300FA9D47 /* left_normal.png in Resources */ = {isa = PBXBuildFile; fileRef = CCA72D481BF0D04200FA9D47 /* left_normal.png */; };
		CCA72D611BF0D04300FA9D47 /* right_disable.png in Resources */ = {isa = PBXBuildFile; fileRef = CCA72D491BF0D04200FA9D47 /* right_disable.png */; };
		CCA72D621BF0D04300FA9D47 /* right_highlighted.png in Resources */ = {isa = PBXBuildFile; fileRef = CCA72D4A1BF0D04200FA9D47 /* right_highlighted.png */; };
		CCA72D631BF0D04300FA9D47 /* right_normal.png in Resources */ = {isa = PBXBuildFile; fileRef = CCA72D4B1BF0D04200FA9D47 /* right_normal.png */; };
		CCA72D641BF0D04300FA9D47 /* top_disable.png in Resources */ = {isa = PBXBuildFile; fileRef = CCA72D4C1BF0D04300FA9D47 /* top_disable.png */; };
		CCA72D651BF0D04300FA9D47 /* top_highlighted.png in Resources */ = {isa = PBXBuildFile; fileRef = CCA72D4D1BF0D04300FA9D47 /* top_highlighted.png */; };
		CCA72D661BF0D04300FA9D47 /* top_normal.png in Resources */ = {isa = PBXBuildFile; fileRef = CCA72D4E1BF0D04300FA9D47 /* top_normal.png */; };
		CCA72D671BF0D04300FA9D47 /* dog1.png in Resources */ = {isa = PBXBuildFile; fileRef = CCA72D501BF0D04300FA9D47 /* dog1.png */; };
		CCA72D681BF0D04300FA9D47 /* dog2.png in Resources */ = {isa = PBXBuildFile; fileRef = CCA72D511BF0D04300FA9D47 /* dog2.png */; };
		CCA72D6A1BF0D04300FA9D47 /* 13.png in Resources */ = {isa = PBXBuildFile; fileRef = CCA72D541BF0D04300FA9D47 /* 13.png */; };
		CCA72D6B1BF0D04300FA9D47 /* minus_highlighted.png in Resources */ = {isa = PBXBuildFile; fileRef = CCA72D551BF0D04300FA9D47 /* minus_highlighted.png */; };
		CCA72D6C1BF0D04300FA9D47 /* minus_normal.png in Resources */ = {isa = PBXBuildFile; fileRef = CCA72D561BF0D04300FA9D47 /* minus_normal.png */; };
		CCA72D6D1BF0D04300FA9D47 /* plus_highlighted.png in Resources */ = {isa = PBXBuildFile; fileRef = CCA72D571BF0D04300FA9D47 /* plus_highlighted.png */; };
		CCA72D6E1BF0D04300FA9D47 /* plus_normal.png in Resources */ = {isa = PBXBuildFile; fileRef = CCA72D581BF0D04300FA9D47 /* plus_normal.png */; };
		CCA72D701BF0D04300FA9D47 /* 12.png in Resources */ = {isa = PBXBuildFile; fileRef = CCA72D5A1BF0D04300FA9D47 /* 12.png */; };
/* End PBXBuildFile section */

/* Begin PBXContainerItemProxy section */
		CCA72D271BF0C35400FA9D47 /* PBXContainerItemProxy */ = {
			isa = PBXContainerItemProxy;
			containerPortal = CCA72D051BF0C35400FA9D47 /* Project object */;
			proxyType = 1;
			remoteGlobalIDString = CCA72D0C1BF0C35400FA9D47;
			remoteInfo = "图片转换";
		};
/* End PBXContainerItemProxy section */

/* Begin PBXFileReference section */
		CCA72D0D1BF0C35400FA9D47 /* 图片转换.app */ = {isa = PBXFileReference; explicitFileType = wrapper.application; includeInIndex = 0; path = "图片转换.app"; sourceTree = BUILT_PRODUCTS_DIR; };
		CCA72D111BF0C35400FA9D47 /* Info.plist */ = {isa = PBXFileReference; lastKnownFileType = text.plist.xml; path = Info.plist; sourceTree = "<group>"; };
		CCA72D121BF0C35400FA9D47 /* main.m */ = {isa = PBXFileReference; lastKnownFileType = sourcecode.c.objc; path = main.m; sourceTree = "<group>"; };
		CCA72D141BF0C35400FA9D47 /* AppDelegate.h */ = {isa = PBXFileReference; lastKnownFileType = sourcecode.c.h; path = AppDelegate.h; sourceTree = "<group>"; };
		CCA72D151BF0C35400FA9D47 /* AppDelegate.m */ = {isa = PBXFileReference; lastKnownFileType = sourcecode.c.objc; path = AppDelegate.m; sourceTree = "<group>"; };
		CCA72D171BF0C35400FA9D47 /* ViewController.h */ = {isa = PBXFileReference; lastKnownFileType = sourcecode.c.h; path = ViewController.h; sourceTree = "<group>"; };
		CCA72D181BF0C35400FA9D47 /* ViewController.m */ = {isa = PBXFileReference; lastKnownFileType = sourcecode.c.objc; path = ViewController.m; sourceTree = "<group>"; };
		CCA72D1B1BF0C35400FA9D47 /* Base */ = {isa = PBXFileReference; lastKnownFileType = file.storyboard; name = Base; path = Base.lproj/Main.storyboard; sourceTree = "<group>"; };
		CCA72D1D1BF0C35400FA9D47 /* Images.xcassets */ = {isa = PBXFileReference; lastKnownFileType = folder.assetcatalog; path = Images.xcassets; sourceTree = "<group>"; };
		CCA72D201BF0C35400FA9D47 /* Base */ = {isa = PBXFileReference; lastKnownFileType = file.xib; name = Base; path = Base.lproj/LaunchScreen.xib; sourceTree = "<group>"; };
		CCA72D261BF0C35400FA9D47 /* 图片转换Tests.xctest */ = {isa = PBXFileReference; explicitFileType = wrapper.cfbundle; includeInIndex = 0; path = "图片转换Tests.xctest"; sourceTree = BUILT_PRODUCTS_DIR; };
		CCA72D2B1BF0C35400FA9D47 /* Info.plist */ = {isa = PBXFileReference; lastKnownFileType = text.plist.xml; path = Info.plist; sourceTree = "<group>"; };
		CCA72D2C1BF0C35400FA9D47 /* ____Tests.m */ = {isa = PBXFileReference; lastKnownFileType = sourcecode.c.objc; path = "____Tests.m"; sourceTree = "<group>"; };
		CCA72D431BF0D04200FA9D47 /* bottom_disable.png */ = {isa = PBXFileReference; lastKnownFileType = image.png; path = bottom_disable.png; sourceTree = "<group>"; };
		CCA72D441BF0D04200FA9D47 /* bottom_highlighted.png */ = {isa = PBXFileReference; lastKnownFileType = image.png; path = bottom_highlighted.png; sourceTree = "<group>"; };
		CCA72D451BF0D04200FA9D47 /* bottom_normal.png */ = {isa = PBXFileReference; lastKnownFileType = image.png; path = bottom_normal.png; sourceTree = "<group>"; };
		CCA72D461BF0D04200FA9D47 /* left_disable.png */ = {isa = PBXFileReference; lastKnownFileType = image.png; path = left_disable.png; sourceTree = "<group>"; };
		CCA72D471BF0D04200FA9D47 /* left_highlighted.png */ = {isa = PBXFileReference; lastKnownFileType = image.png; path = left_highlighted.png; sourceTree = "<group>"; };
		CCA72D481BF0D04200FA9D47 /* left_normal.png */ = {isa = PBXFileReference; lastKnownFileType = image.png; path = left_normal.png; sourceTree = "<group>"; };
		CCA72D491BF0D04200FA9D47 /* right_disable.png */ = {isa = PBXFileReference; lastKnownFileType = image.png; path = right_disable.png; sourceTree = "<group>"; };
		CCA72D4A1BF0D04200FA9D47 /* right_highlighted.png */ = {isa = PBXFileReference; lastKnownFileType = image.png; path = right_highlighted.png; sourceTree = "<group>"; };
		CCA72D4B1BF0D04200FA9D47 /* right_normal.png */ = {isa = PBXFileReference; lastKnownFileType = image.png; path = right_normal.png; sourceTree = "<group>"; };
		CCA72D4C1BF0D04300FA9D47 /* top_disable.png */ = {isa = PBXFileReference; lastKnownFileType = image.png; path = top_disable.png; sourceTree = "<group>"; };
		CCA72D4D1BF0D04300FA9D47 /* top_highlighted.png */ = {isa = PBXFileReference; lastKnownFileType = image.png; path = top_highlighted.png; sourceTree = "<group>"; };
		CCA72D4E1BF0D04300FA9D47 /* top_normal.png */ = {isa = PBXFileReference; lastKnownFileType = image.png; path = top_normal.png; sourceTree = "<group>"; };
		CCA72D501BF0D04300FA9D47 /* dog1.png */ = {isa = PBXFileReference; lastKnownFileType = image.png; path = dog1.png; sourceTree = "<group>"; };
		CCA72D511BF0D04300FA9D47 /* dog2.png */ = {isa = PBXFileReference; lastKnownFileType = image.png; path = dog2.png; sourceTree = "<group>"; };
		CCA72D541BF0D04300FA9D47 /* 13.png */ = {isa = PBXFileReference; lastKnownFileType = image.png; path = 13.png; sourceTree = "<group>"; };
		CCA72D551BF0D04300FA9D47 /* minus_highlighted.png */ = {isa = PBXFileReference; lastKnownFileType = image.png; path = minus_highlighted.png; sourceTree = "<group>"; };
		CCA72D561BF0D04300FA9D47 /* minus_normal.png */ = {isa = PBXFileReference; lastKnownFileType = image.png; path = minus_normal.png; sourceTree = "<group>"; };
		CCA72D571BF0D04300FA9D47 /* plus_highlighted.png */ = {isa = PBXFileReference; lastKnownFileType = image.png; path = plus_highlighted.png; sourceTree = "<group>"; };
		CCA72D581BF0D04300FA9D47 /* plus_normal.png */ = {isa = PBXFileReference; lastKnownFileType = image.png; path = plus_normal.png; sourceTree = "<group>"; };
		CCA72D5A1BF0D04300FA9D47 /* 12.png */ = {isa = PBXFileReference; lastKnownFileType = image.png; path = 12.png; sourceTree = "<group>"; };
/* End PBXFileReference section */

/* Begin PBXFrameworksBuildPhase section */
		CCA72D0A1BF0C35400FA9D47 /* Frameworks */ = {
			isa = PBXFrameworksBuildPhase;
			buildActionMask = 2147483647;
			files = (
			);
			runOnlyForDeploymentPostprocessing = 0;
		};
		CCA72D231BF0C35400FA9D47 /* Frameworks */ = {
			isa = PBXFrameworksBuildPhase;
			buildActionMask = 2147483647;
			files = (
			);
			runOnlyForDeploymentPostprocessing = 0;
		};
/* End PBXFrameworksBuildPhase section */

/* Begin PBXGroup section */
		CCA72D041BF0C35400FA9D47 = {
			isa = PBXGroup;
			children = (
				CCA72D421BF0D04200FA9D47 /* Arrow */,
				CCA72D4F1BF0D04300FA9D47 /* Head */,
				CCA72D521BF0D04300FA9D47 /* Other */,
				CCA72D0F1BF0C35400FA9D47 /* 图片转换 */,
				CCA72D291BF0C35400FA9D47 /* 图片转换Tests */,
				CCA72D0E1BF0C35400FA9D47 /* Products */,
			);
			sourceTree = "<group>";
		};
		CCA72D0E1BF0C35400FA9D47 /* Products */ = {
			isa = PBXGroup;
			children = (
				CCA72D0D1BF0C35400FA9D47 /* 图片转换.app */,
				CCA72D261BF0C35400FA9D47 /* 图片转换Tests.xctest */,
			);
			name = Products;
			sourceTree = "<group>";
		};
		CCA72D0F1BF0C35400FA9D47 /* 图片转换 */ = {
			isa = PBXGroup;
			children = (
				CCA72D141BF0C35400FA9D47 /* AppDelegate.h */,
				CCA72D151BF0C35400FA9D47 /* AppDelegate.m */,
				CCA72D171BF0C35400FA9D47 /* ViewController.h */,
				CCA72D181BF0C35400FA9D47 /* ViewController.m */,
				CCA72D1A1BF0C35400FA9D47 /* Main.storyboard */,
				CCA72D1D1BF0C35400FA9D47 /* Images.xcassets */,
				CCA72D1F1BF0C35400FA9D47 /* LaunchScreen.xib */,
				CCA72D101BF0C35400FA9D47 /* Supporting Files */,
			);
			path = "图片转换";
			sourceTree = "<group>";
		};
		CCA72D101BF0C35400FA9D47 /* Supporting Files */ = {
			isa = PBXGroup;
			children = (
				CCA72D111BF0C35400FA9D47 /* Info.plist */,
				CCA72D121BF0C35400FA9D47 /* main.m */,
			);
			name = "Supporting Files";
			sourceTree = "<group>";
		};
		CCA72D291BF0C35400FA9D47 /* 图片转换Tests */ = {
			isa = PBXGroup;
			children = (
				CCA72D2C1BF0C35400FA9D47 /* ____Tests.m */,
				CCA72D2A1BF0C35400FA9D47 /* Supporting Files */,
			);
			path = "图片转换Tests";
			sourceTree = "<group>";
		};
		CCA72D2A1BF0C35400FA9D47 /* Supporting Files */ = {
			isa = PBXGroup;
			children = (
				CCA72D2B1BF0C35400FA9D47 /* Info.plist */,
			);
			name = "Supporting Files";
			sourceTree = "<group>";
		};
		CCA72D421BF0D04200FA9D47 /* Arrow */ = {
			isa = PBXGroup;
			children = (
				CCA72D431BF0D04200FA9D47 /* bottom_disable.png */,
				CCA72D441BF0D04200FA9D47 /* bottom_highlighted.png */,
				CCA72D451BF0D04200FA9D47 /* bottom_normal.png */,
				CCA72D461BF0D04200FA9D47 /* left_disable.png */,
				CCA72D471BF0D04200FA9D47 /* left_highlighted.png */,
				CCA72D481BF0D04200FA9D47 /* left_normal.png */,
				CCA72D491BF0D04200FA9D47 /* right_disable.png */,
				CCA72D4A1BF0D04200FA9D47 /* right_highlighted.png */,
				CCA72D4B1BF0D04200FA9D47 /* right_normal.png */,
				CCA72D4C1BF0D04300FA9D47 /* top_disable.png */,
				CCA72D4D1BF0D04300FA9D47 /* top_highlighted.png */,
				CCA72D4E1BF0D04300FA9D47 /* top_normal.png */,
			);
			path = Arrow;
			sourceTree = "<group>";
		};
		CCA72D4F1BF0D04300FA9D47 /* Head */ = {
			isa = PBXGroup;
			children = (
				CCA72D501BF0D04300FA9D47 /* dog1.png */,
				CCA72D511BF0D04300FA9D47 /* dog2.png */,
			);
			path = Head;
			sourceTree = "<group>";
		};
		CCA72D521BF0D04300FA9D47 /* Other */ = {
			isa = PBXGroup;
			children = (
				CCA72D541BF0D04300FA9D47 /* 13.png */,
				CCA72D551BF0D04300FA9D47 /* minus_highlighted.png */,
				CCA72D561BF0D04300FA9D47 /* minus_normal.png */,
				CCA72D571BF0D04300FA9D47 /* plus_highlighted.png */,
				CCA72D581BF0D04300FA9D47 /* plus_normal.png */,
				CCA72D5A1BF0D04300FA9D47 /* 12.png */,
			);
			path = Other;
			sourceTree = "<group>";
		};
/* End PBXGroup section */

/* Begin PBXNativeTarget section */
		CCA72D0C1BF0C35400FA9D47 /* 图片转换 */ = {
			isa = PBXNativeTarget;
			buildConfigurationList = CCA72D301BF0C35400FA9D47 /* Build configuration list for PBXNativeTarget "图片转换" */;
			buildPhases = (
				CCA72D091BF0C35400FA9D47 /* Sources */,
				CCA72D0A1BF0C35400FA9D47 /* Frameworks */,
				CCA72D0B1BF0C35400FA9D47 /* Resources */,
			);
			buildRules = (
			);
			dependencies = (
			);
			name = "图片转换";
			productName = "图片转换";
			productReference = CCA72D0D1BF0C35400FA9D47 /* 图片转换.app */;
			productType = "com.apple.product-type.application";
		};
		CCA72D251BF0C35400FA9D47 /* 图片转换Tests */ = {
			isa = PBXNativeTarget;
			buildConfigurationList = CCA72D331BF0C35400FA9D47 /* Build configuration list for PBXNativeTarget "图片转换Tests" */;
			buildPhases = (
				CCA72D221BF0C35400FA9D47 /* Sources */,
				CCA72D231BF0C35400FA9D47 /* Frameworks */,
				CCA72D241BF0C35400FA9D47 /* Resources */,
			);
			buildRules = (
			);
			dependencies = (
				CCA72D281BF0C35400FA9D47 /* PBXTargetDependency */,
			);
			name = "图片转换Tests";
			productName = "图片转换Tests";
			productReference = CCA72D261BF0C35400FA9D47 /* 图片转换Tests.xctest */;
			productType = "com.apple.product-type.bundle.unit-test";
		};
/* End PBXNativeTarget section */

/* Begin PBXProject section */
		CCA72D051BF0C35400FA9D47 /* Project object */ = {
			isa = PBXProject;
			attributes = {
				LastUpgradeCheck = 0640;
				ORGANIZATIONNAME = hnqingyun.com;
				TargetAttributes = {
					CCA72D0C1BF0C35400FA9D47 = {
						CreatedOnToolsVersion = 6.4;
					};
					CCA72D251BF0C35400FA9D47 = {
						CreatedOnToolsVersion = 6.4;
						TestTargetID = CCA72D0C1BF0C35400FA9D47;
					};
				};
			};
			buildConfigurationList = CCA72D081BF0C35400FA9D47 /* Build configuration list for PBXProject "图片转换" */;
			compatibilityVersion = "Xcode 3.2";
			developmentRegion = English;
			hasScannedForEncodings = 0;
			knownRegions = (
				en,
				Base,
			);
			mainGroup = CCA72D041BF0C35400FA9D47;
			productRefGroup = CCA72D0E1BF0C35400FA9D47 /* Products */;
			projectDirPath = "";
			projectRoot = "";
			targets = (
				CCA72D0C1BF0C35400FA9D47 /* 图片转换 */,
				CCA72D251BF0C35400FA9D47 /* 图片转换Tests */,
			);
		};
/* End PBXProject section */

/* Begin PBXResourcesBuildPhase section */
		CCA72D0B1BF0C35400FA9D47 /* Resources */ = {
			isa = PBXResourcesBuildPhase;
			buildActionMask = 2147483647;
			files = (
				CCA72D601BF0D04300FA9D47 /* left_normal.png in Resources */,
				CCA72D5E1BF0D04300FA9D47 /* left_disable.png in Resources */,
				CCA72D631BF0D04300FA9D47 /* right_normal.png in Resources */,
				CCA72D5F1BF0D04300FA9D47 /* left_highlighted.png in Resources */,
				CCA72D5B1BF0D04300FA9D47 /* bottom_disable.png in Resources */,
				CCA72D6A1BF0D04300FA9D47 /* 13.png in Resources */,
				CCA72D6C1BF0D04300FA9D47 /* minus_normal.png in Resources */,
				CCA72D611BF0D04300FA9D47 /* right_disable.png in Resources */,
				CCA72D621BF0D04300FA9D47 /* right_highlighted.png in Resources */,
				CCA72D701BF0D04300FA9D47 /* 12.png in Resources */,
				CCA72D641BF0D04300FA9D47 /* top_disable.png in Resources */,
				CCA72D5D1BF0D04300FA9D47 /* bottom_normal.png in Resources */,
				CCA72D661BF0D04300FA9D47 /* top_normal.png in Resources */,
				CCA72D681BF0D04300FA9D47 /* dog2.png in Resources */,
				CCA72D651BF0D04300FA9D47 /* top_highlighted.png in Resources */,
				CCA72D6B1BF0D04300FA9D47 /* minus_highlighted.png in Resources */,
				CCA72D6D1BF0D04300FA9D47 /* plus_highlighted.png in Resources */,
				CCA72D671BF0D04300FA9D47 /* dog1.png in Resources */,
				CCA72D6E1BF0D04300FA9D47 /* plus_normal.png in Resources */,
				CCA72D1C1BF0C35400FA9D47 /* Main.storyboard in Resources */,
				CCA72D211BF0C35400FA9D47 /* LaunchScreen.xib in Resources */,
				CCA72D5C1BF0D04300FA9D47 /* bottom_highlighted.png in Resources */,
				CCA72D1E1BF0C35400FA9D47 /* Images.xcassets in Resources */,
			);
			runOnlyForDeploymentPostprocessing = 0;
		};
		CCA72D241BF0C35400FA9D47 /* Resources */ = {
			isa = PBXResourcesBuildPhase;
			buildActionMask = 2147483647;
			files = (
			);
			runOnlyForDeploymentPostprocessing = 0;
		};
/* End PBXResourcesBuildPhase section */

/* Begin PBXSourcesBuildPhase section */
		CCA72D091BF0C35400FA9D47 /* Sources */ = {
			isa = PBXSourcesBuildPhase;
			buildActionMask = 2147483647;
			files = (
				CCA72D191BF0C35400FA9D47 /* ViewController.m in Sources */,
				CCA72D161BF0C35400FA9D47 /* AppDelegate.m in Sources */,
				CCA72D131BF0C35400FA9D47 /* main.m in Sources */,
			);
			runOnlyForDeploymentPostprocessing = 0;
		};
		CCA72D221BF0C35400FA9D47 /* Sources */ = {
			isa = PBXSourcesBuildPhase;
			buildActionMask = 2147483647;
			files = (
				CCA72D2D1BF0C35400FA9D47 /* ____Tests.m in Sources */,
			);
			runOnlyForDeploymentPostprocessing = 0;
		};
/* End PBXSourcesBuildPhase section */

/* Begin PBXTargetDependency section */
		CCA72D281BF0C35400FA9D47 /* PBXTargetDependency */ = {
			isa = PBXTargetDependency;
			target = CCA72D0C1BF0C35400FA9D47 /* 图片转换 */;
			targetProxy = CCA72D271BF0C35400FA9D47 /* PBXContainerItemProxy */;
		};
/* End PBXTargetDependency section */

/* Begin PBXVariantGroup section */
		CCA72D1A1BF0C35400FA9D47 /* Main.storyboard */ = {
			isa = PBXVariantGroup;
			children = (
				CCA72D1B1BF0C35400FA9D47 /* Base */,
			);
			name = Main.storyboard;
			sourceTree = "<group>";
		};
		CCA72D1F1BF0C35400FA9D47 /* LaunchScreen.xib */ = {
			isa = PBXVariantGroup;
			children = (
				CCA72D201BF0C35400FA9D47 /* Base */,
			);
			name = LaunchScreen.xib;
			sourceTree = "<group>";
		};
/* End PBXVariantGroup section */

/* Begin XCBuildConfiguration section */
		CCA72D2E1BF0C35400FA9D47 /* Debug */ = {
			isa = XCBuildConfiguration;
			buildSettings = {
				ALWAYS_SEARCH_USER_PATHS = NO;
				CLANG_CXX_LANGUAGE_STANDARD = "gnu++0x";
				CLANG_CXX_LIBRARY = "libc++";
				CLANG_ENABLE_MODULES = YES;
				CLANG_ENABLE_OBJC_ARC = YES;
				CLANG_WARN_BOOL_CONVERSION = YES;
				CLANG_WARN_CONSTANT_CONVERSION = YES;
				CLANG_WARN_DIRECT_OBJC_ISA_USAGE = YES_ERROR;
				CLANG_WARN_EMPTY_BODY = YES;
				CLANG_WARN_ENUM_CONVERSION = YES;
				CLANG_WARN_INT_CONVERSION = YES;
				CLANG_WARN_OBJC_ROOT_CLASS = YES_ERROR;
				CLANG_WARN_UNREACHABLE_CODE = YES;
				CLANG_WARN__DUPLICATE_METHOD_MATCH = YES;
				"CODE_SIGN_IDENTITY[sdk=iphoneos*]" = "iPhone Developer";
				COPY_PHASE_STRIP = NO;
				DEBUG_INFORMATION_FORMAT = "dwarf-with-dsym";
				ENABLE_STRICT_OBJC_MSGSEND = YES;
				GCC_C_LANGUAGE_STANDARD = gnu99;
				GCC_DYNAMIC_NO_PIC = NO;
				GCC_NO_COMMON_BLOCKS = YES;
				GCC_OPTIMIZATION_LEVEL = 0;
				GCC_PREPROCESSOR_DEFINITIONS = (
					"DEBUG=1",
					"$(inherited)",
				);
				GCC_SYMBOLS_PRIVATE_EXTERN = NO;
				GCC_WARN_64_TO_32_BIT_CONVERSION = YES;
				GCC_WARN_ABOUT_RETURN_TYPE = YES_ERROR;
				GCC_WARN_UNDECLARED_SELECTOR = YES;
				GCC_WARN_UNINITIALIZED_AUTOS = YES_AGGRESSIVE;
				GCC_WARN_UNUSED_FUNCTION = YES;
				GCC_WARN_UNUSED_VARIABLE = YES;
				IPHONEOS_DEPLOYMENT_TARGET = 8.4;
				MTL_ENABLE_DEBUG_INFO = YES;
				ONLY_ACTIVE_ARCH = YES;
				SDKROOT = iphoneos;
				TARGETED_DEVICE_FAMILY = "1,2";
			};
			name = Debug;
		};
		CCA72D2F1BF0C35400FA9D47 /* Release */ = {
			isa = XCBuildConfiguration;
			buildSettings = {
				ALWAYS_SEARCH_USER_PATHS = NO;
				CLANG_CXX_LANGUAGE_STANDARD = "gnu++0x";
				CLANG_CXX_LIBRARY = "libc++";
				CLANG_ENABLE_MODULES = YES;
				CLANG_ENABLE_OBJC_ARC = YES;
				CLANG_WARN_BOOL_CONVERSION = YES;
				CLANG_WARN_CONSTANT_CONVERSION = YES;
				CLANG_WARN_DIRECT_OBJC_ISA_USAGE = YES_ERROR;
				CLANG_WARN_EMPTY_BODY = YES;
				CLANG_WARN_ENUM_CONVERSION = YES;
				CLANG_WARN_INT_CONVERSION = YES;
				CLANG_WARN_OBJC_ROOT_CLASS = YES_ERROR;
				CLANG_WARN_UNREACHABLE_CODE = YES;
				CLANG_WARN__DUPLICATE_METHOD_MATCH = YES;
				"CODE_SIGN_IDENTITY[sdk=iphoneos*]" = "iPhone Developer";
				COPY_PHASE_STRIP = NO;
				DEBUG_INFORMATION_FORMAT = "dwarf-with-dsym";
				ENABLE_NS_ASSERTIONS = NO;
				ENABLE_STRICT_OBJC_MSGSEND = YES;
				GCC_C_LANGUAGE_STANDARD = gnu99;
				GCC_NO_COMMON_BLOCKS = YES;
				GCC_WARN_64_TO_32_BIT_CONVERSION = YES;
				GCC_WARN_ABOUT_RETURN_TYPE = YES_ERROR;
				GCC_WARN_UNDECLARED_SELECTOR = YES;
				GCC_WARN_UNINITIALIZED_AUTOS = YES_AGGRESSIVE;
				GCC_WARN_UNUSED_FUNCTION = YES;
				GCC_WARN_UNUSED_VARIABLE = YES;
				IPHONEOS_DEPLOYMENT_TARGET = 8.4;
				MTL_ENABLE_DEBUG_INFO = NO;
				SDKROOT = iphoneos;
				TARGETED_DEVICE_FAMILY = "1,2";
				VALIDATE_PRODUCT = YES;
			};
			name = Release;
		};
		CCA72D311BF0C35400FA9D47 /* Debug */ = {
			isa = XCBuildConfiguration;
			buildSettings = {
				ASSETCATALOG_COMPILER_APPICON_NAME = AppIcon;
				INFOPLIST_FILE = "图片转换/Info.plist";
				LD_RUNPATH_SEARCH_PATHS = "$(inherited) @executable_path/Frameworks";
				PRODUCT_NAME = "$(TARGET_NAME)";
			};
			name = Debug;
		};
		CCA72D321BF0C35400FA9D47 /* Release */ = {
			isa = XCBuildConfiguration;
			buildSettings = {
				ASSETCATALOG_COMPILER_APPICON_NAME = AppIcon;
				INFOPLIST_FILE = "图片转换/Info.plist";
				LD_RUNPATH_SEARCH_PATHS = "$(inherited) @executable_path/Frameworks";
				PRODUCT_NAME = "$(TARGET_NAME)";
			};
			name = Release;
		};
		CCA72D341BF0C35400FA9D47 /* Debug */ = {
			isa = XCBuildConfiguration;
			buildSettings = {
				BUNDLE_LOADER = "$(TEST_HOST)";
				FRAMEWORK_SEARCH_PATHS = (
					"$(SDKROOT)/Developer/Library/Frameworks",
					"$(inherited)",
				);
				GCC_PREPROCESSOR_DEFINITIONS = (
					"DEBUG=1",
					"$(inherited)",
				);
				INFOPLIST_FILE = "图片转换Tests/Info.plist";
				LD_RUNPATH_SEARCH_PATHS = "$(inherited) @executable_path/Frameworks @loader_path/Frameworks";
				PRODUCT_NAME = "$(TARGET_NAME)";
				TEST_HOST = "$(BUILT_PRODUCTS_DIR)/图片转换.app/图片转换";
			};
			name = Debug;
		};
		CCA72D351BF0C35400FA9D47 /* Release */ = {
			isa = XCBuildConfiguration;
			buildSettings = {
				BUNDLE_LOADER = "$(TEST_HOST)";
				FRAMEWORK_SEARCH_PATHS = (
					"$(SDKROOT)/Developer/Library/Frameworks",
					"$(inherited)",
				);
				INFOPLIST_FILE = "图片转换Tests/Info.plist";
				LD_RUNPATH_SEARCH_PATHS = "$(inherited) @executable_path/Frameworks @loader_path/Frameworks";
				PRODUCT_NAME = "$(TARGET_NAME)";
				TEST_HOST = "$(BUILT_PRODUCTS_DIR)/图片转换.app/图片转换";
			};
			name = Release;
		};
/* End XCBuildConfiguration section */

/* Begin XCConfigurationList section */
		CCA72D081BF0C35400FA9D47 /* Build configuration list for PBXProject "图片转换" */ = {
			isa = XCConfigurationList;
			buildConfigurations = (
				CCA72D2E1BF0C35400FA9D47 /* Debug */,
				CCA72D2F1BF0C35400FA9D47 /* Release */,
			);
			defaultConfigurationIsVisible = 0;
			defaultConfigurationName = Release;
		};
		CCA72D301BF0C35400FA9D47 /* Build configuration list for PBXNativeTarget "图片转换" */ = {
			isa = XCConfigurationList;
			buildConfigurations = (
				CCA72D311BF0C35400FA9D47 /* Debug */,
				CCA72D321BF0C35400FA9D47 /* Release */,
			);
			defaultConfigurationIsVisible = 0;
			defaultConfigurationName = Release;
		};
		CCA72D331BF0C35400FA9D47 /* Build configuration list for PBXNativeTarget "图片转换Tests" */ = {
			isa = XCConfigurationList;
			buildConfigurations = (
				CCA72D341BF0C35400FA9D47 /* Debug */,
				CCA72D351BF0C35400FA9D47 /* Release */,
			);
			defaultConfigurationIsVisible = 0;
			defaultConfigurationName = Release;
		};
/* End XCConfigurationList section */
	};
	rootObject = CCA72D051BF0C35400FA9D47 /* Project object */;
}
