<?xml version="1.0" encoding="UTF-8"?>
<Scheme
   LastUpgradeVersion = "0640"
   version = "1.3">
   <BuildAction
      parallelizeBuildables = "YES"
      buildImplicitDependencies = "YES">
      <BuildActionEntries>
         <BuildActionEntry
            buildForTesting = "YES"
            buildForRunning = "YES"
            buildForProfiling = "YES"
            buildForArchiving = "YES"
            buildForAnalyzing = "YES">
            <BuildableReference
               BuildableIdentifier = "primary"
               BlueprintIdentifier = "CC99B9DA1C0FEFF300FEB3AC"
               BuildableName = "(&#x89c6;&#x9891;)&#x81ea;&#x5b9a;&#x4e49;&#x5355;&#x5143;&#x683c;xib.app"
               BlueprintName = "(&#x89c6;&#x9891;)&#x81ea;&#x5b9a;&#x4e49;&#x5355;&#x5143;&#x683c;xib"
               ReferencedContainer = "container:(&#x89c6;&#x9891;)&#x81ea;&#x5b9a;&#x4e49;&#x5355;&#x5143;&#x683c;xib.xcodeproj">
            </BuildableReference>
         </BuildActionEntry>
         <BuildActionEntry
            buildForTesting = "YES"
            buildForRunning = "YES"
            buildForProfiling = "NO"
            buildForArchiving = "NO"
            buildForAnalyzing = "YES">
            <BuildableReference
               BuildableIdentifier = "primary"
               BlueprintIdentifier = "CC99B9F31C0FEFF300FEB3AC"
               BuildableName = "(&#x89c6;&#x9891;)&#x81ea;&#x5b9a;&#x4e49;&#x5355;&#x5143;&#x683c;xibTests.xctest"
               BlueprintName = "(&#x89c6;&#x9891;)&#x81ea;&#x5b9a;&#x4e49;&#x5355;&#x5143;&#x683c;xibTests"
               ReferencedContainer = "container:(&#x89c6;&#x9891;)&#x81ea;&#x5b9a;&#x4e49;&#x5355;&#x5143;&#x683c;xib.xcodeproj">
            </BuildableReference>
         </BuildActionEntry>
      </BuildActionEntries>
   </BuildAction>
   <TestAction
      selectedDebuggerIdentifier = "Xcode.DebuggerFoundation.Debugger.LLDB"
      selectedLauncherIdentifier = "Xcode.DebuggerFoundation.Launcher.LLDB"
      shouldUseLaunchSchemeArgsEnv = "YES"
      buildConfiguration = "Debug">
      <Testables>
         <TestableReference
            skipped = "NO">
            <BuildableReference
               BuildableIdentifier = "primary"
               BlueprintIdentifier = "CC99B9F31C0FEFF300FEB3AC"
               BuildableName = "(&#x89c6;&#x9891;)&#x81ea;&#x5b9a;&#x4e49;&#x5355;&#x5143;&#x683c;xibTests.xctest"
               BlueprintName = "(&#x89c6;&#x9891;)&#x81ea;&#x5b9a;&#x4e49;&#x5355;&#x5143;&#x683c;xibTests"
               ReferencedContainer = "container:(&#x89c6;&#x9891;)&#x81ea;&#x5b9a;&#x4e49;&#x5355;&#x5143;&#x683c;xib.xcodeproj">
            </BuildableReference>
         </TestableReference>
      </Testables>
      <MacroExpansion>
         <BuildableReference
            BuildableIdentifier = "primary"
            BlueprintIdentifier = "CC99B9DA1C0FEFF300FEB3AC"
            BuildableName = "(&#x89c6;&#x9891;)&#x81ea;&#x5b9a;&#x4e49;&#x5355;&#x5143;&#x683c;xib.app"
            BlueprintName = "(&#x89c6;&#x9891;)&#x81ea;&#x5b9a;&#x4e49;&#x5355;&#x5143;&#x683c;xib"
            ReferencedContainer = "container:(&#x89c6;&#x9891;)&#x81ea;&#x5b9a;&#x4e49;&#x5355;&#x5143;&#x683c;xib.xcodeproj">
         </BuildableReference>
      </MacroExpansion>
   </TestAction>
   <LaunchAction
      selectedDebuggerIdentifier = "Xcode.DebuggerFoundation.Debugger.LLDB"
      selectedLauncherIdentifier = "Xcode.DebuggerFoundation.Launcher.LLDB"
      launchStyle = "0"
      useCustomWorkingDirectory = "NO"
      buildConfiguration = "Debug"
      ignoresPersistentStateOnLaunch = "NO"
      debugDocumentVersioning = "YES"
      allowLocationSimulation = "YES">
      <BuildableProductRunnable
         runnableDebuggingMode = "0">
         <BuildableReference
            BuildableIdentifier = "primary"
            BlueprintIdentifier = "CC99B9DA1C0FEFF300FEB3AC"
            BuildableName = "(&#x89c6;&#x9891;)&#x81ea;&#x5b9a;&#x4e49;&#x5355;&#x5143;&#x683c;xib.app"
            BlueprintName = "(&#x89c6;&#x9891;)&#x81ea;&#x5b9a;&#x4e49;&#x5355;&#x5143;&#x683c;xib"
            ReferencedContainer = "container:(&#x89c6;&#x9891;)&#x81ea;&#x5b9a;&#x4e49;&#x5355;&#x5143;&#x683c;xib.xcodeproj">
         </BuildableReference>
      </BuildableProductRunnable>
      <AdditionalOptions>
      </AdditionalOptions>
   </LaunchAction>
   <ProfileAction
      shouldUseLaunchSchemeArgsEnv = "YES"
      savedToolIdentifier = ""
      useCustomWorkingDirectory = "NO"
      buildConfiguration = "Release"
      debugDocumentVersioning = "YES">
      <BuildableProductRunnable
         runnableDebuggingMode = "0">
         <BuildableReference
            BuildableIdentifier = "primary"
            BlueprintIdentifier = "CC99B9DA1C0FEFF300FEB3AC"
            BuildableName = "(&#x89c6;&#x9891;)&#x81ea;&#x5b9a;&#x4e49;&#x5355;&#x5143;&#x683c;xib.app"
            BlueprintName = "(&#x89c6;&#x9891;)&#x81ea;&#x5b9a;&#x4e49;&#x5355;&#x5143;&#x683c;xib"
            ReferencedContainer = "container:(&#x89c6;&#x9891;)&#x81ea;&#x5b9a;&#x4e49;&#x5355;&#x5143;&#x683c;xib.xcodeproj">
         </BuildableReference>
      </BuildableProductRunnable>
   </ProfileAction>
   <AnalyzeAction
      buildConfiguration = "Debug">
   </AnalyzeAction>
   <ArchiveAction
      buildConfiguration = "Release"
      revealArchiveInOrganizer = "YES">
   </ArchiveAction>
</Scheme>
